Microsoft Visual Studio Solution File, Format Version 12.00
# Visual Studio 15
VisualStudioVersion = 15.0.27130.2010
MinimumVisualStudioVersion = 10.0.40219.1
Project("{2150E333-8FDC-42A3-9474-1A3956D46DE8}") = "src", "src", "{1E189DA3-80DF-4A10-BC21-E616DEB0E752}"
EndProject
Project("{2150E333-8FDC-42A3-9474-1A3956D46DE8}") = "Solution Items", "Solution Items", "{E6B87984-3E9A-476A-AEAA-8B9CECB79BB8}"
	ProjectSection(SolutionItems) = preProject
		ChakraExternDefinitions.xml = ChakraExternDefinitions.xml
		LICENSE = LICENSE
		README.md = README.md
	EndProjectSection
EndProject
Project("{2150E333-8FDC-42A3-9474-1A3956D46DE8}") = "test", "test", "{BF7A5A92-FCD0-4CA4-9234-B96B543F2488}"
EndProject
Project("{9A19103F-16F7-4668-BE54-9A1E7A4F7556}") = "BaristaLabs.BaristaCore.Server", "src\BaristaLabs.BaristaCore.Server\BaristaLabs.BaristaCore.Server.csproj", "{F3A4BAF3-F96D-4C5F-8BD1-AA46AFD19556}"
EndProject
Project("{9A19103F-16F7-4668-BE54-9A1E7A4F7556}") = "BaristaLabs.BaristaCore.Fiddle", "src\BaristaLabs.BaristaCore.Fiddle\BaristaLabs.BaristaCore.Fiddle.csproj", "{D39A215A-C493-4A4E-A1F5-508228BBBF89}"
EndProject
Project("{9A19103F-16F7-4668-BE54-9A1E7A4F7556}") = "BaristaLabs.BaristaCore.Tests", "test\BaristaLabs.BaristaCore.Tests\BaristaLabs.BaristaCore.Tests.csproj", "{E3FF6242-6102-4BA5-927B-BD43903BA195}"
	ProjectSection(ProjectDependencies) = postProject
		{107C3301-9642-4CC6-BF7A-3ACD4FEBEFC3} = {107C3301-9642-4CC6-BF7A-3ACD4FEBEFC3}
	EndProjectSection
EndProject
Project("{9A19103F-16F7-4668-BE54-9A1E7A4F7556}") = "BaristaServer", "src\BaristaServer\BaristaServer.csproj", "{624574AB-E6D3-4030-9A4F-E816723B6625}"
EndProject
Project("{9A19103F-16F7-4668-BE54-9A1E7A4F7556}") = "BaristaLabs.BaristaCore.Common", "src\BaristaLabs.BaristaCore.Common\BaristaLabs.BaristaCore.Common.csproj", "{16A6D8B0-B004-426C-9C09-DC2E7D9DF2A6}"
EndProject
Project("{2150E333-8FDC-42A3-9474-1A3956D46DE8}") = "util", "util", "{36B7F578-1E35-489D-91A2-B3BE0F53187F}"
EndProject
Project("{9A19103F-16F7-4668-BE54-9A1E7A4F7556}") = "ChakraWrapperGeneratorCLI", "util\ChakraWrapperGeneratorCLI\ChakraWrapperGeneratorCLI.csproj", "{343AFCA5-8768-43D7-B038-3221A4CAA057}"
EndProject
Project("{2150E333-8FDC-42A3-9474-1A3956D46DE8}") = "modules", "modules", "{CD7F41BC-D1C2-466C-9E6E-081E8C85DB0A}"
EndProject
Project("{9A19103F-16F7-4668-BE54-9A1E7A4F7556}") = "BaristaLabs.BaristaCore.Modules.Fetch", "src\modules\BaristaLabs.BaristaCore.Modules.Fetch\BaristaLabs.BaristaCore.Modules.Fetch.csproj", "{9C4BBB8C-46E4-4168-88A7-E687D58468B1}"
EndProject
Project("{9A19103F-16F7-4668-BE54-9A1E7A4F7556}") = "BaristaLabs.BaristaCore.MyTestModule", "test\BaristaLabs.BaristaCore.MyTestModule\BaristaLabs.BaristaCore.MyTestModule.csproj", "{107C3301-9642-4CC6-BF7A-3ACD4FEBEFC3}"
EndProject
Global
	GlobalSection(SolutionConfigurationPlatforms) = preSolution
		Debug|Any CPU = Debug|Any CPU
		Release|Any CPU = Release|Any CPU
	EndGlobalSection
	GlobalSection(ProjectConfigurationPlatforms) = postSolution
		{F3A4BAF3-F96D-4C5F-8BD1-AA46AFD19556}.Debug|Any CPU.ActiveCfg = Debug|Any CPU
		{F3A4BAF3-F96D-4C5F-8BD1-AA46AFD19556}.Debug|Any CPU.Build.0 = Debug|Any CPU
		{F3A4BAF3-F96D-4C5F-8BD1-AA46AFD19556}.Release|Any CPU.ActiveCfg = Release|Any CPU
		{F3A4BAF3-F96D-4C5F-8BD1-AA46AFD19556}.Release|Any CPU.Build.0 = Release|Any CPU
		{D39A215A-C493-4A4E-A1F5-508228BBBF89}.Debug|Any CPU.ActiveCfg = Debug|Any CPU
		{D39A215A-C493-4A4E-A1F5-508228BBBF89}.Debug|Any CPU.Build.0 = Debug|Any CPU
		{D39A215A-C493-4A4E-A1F5-508228BBBF89}.Release|Any CPU.ActiveCfg = Release|Any CPU
		{D39A215A-C493-4A4E-A1F5-508228BBBF89}.Release|Any CPU.Build.0 = Release|Any CPU
		{E3FF6242-6102-4BA5-927B-BD43903BA195}.Debug|Any CPU.ActiveCfg = Debug|Any CPU
		{E3FF6242-6102-4BA5-927B-BD43903BA195}.Debug|Any CPU.Build.0 = Debug|Any CPU
		{E3FF6242-6102-4BA5-927B-BD43903BA195}.Release|Any CPU.ActiveCfg = Release|Any CPU
		{E3FF6242-6102-4BA5-927B-BD43903BA195}.Release|Any CPU.Build.0 = Release|Any CPU
		{624574AB-E6D3-4030-9A4F-E816723B6625}.Debug|Any CPU.ActiveCfg = Debug|Any CPU
		{624574AB-E6D3-4030-9A4F-E816723B6625}.Debug|Any CPU.Build.0 = Debug|Any CPU
		{624574AB-E6D3-4030-9A4F-E816723B6625}.Release|Any CPU.ActiveCfg = Release|Any CPU
		{624574AB-E6D3-4030-9A4F-E816723B6625}.Release|Any CPU.Build.0 = Release|Any CPU
		{16A6D8B0-B004-426C-9C09-DC2E7D9DF2A6}.Debug|Any CPU.ActiveCfg = Debug|Any CPU
		{16A6D8B0-B004-426C-9C09-DC2E7D9DF2A6}.Debug|Any CPU.Build.0 = Debug|Any CPU
		{16A6D8B0-B004-426C-9C09-DC2E7D9DF2A6}.Release|Any CPU.ActiveCfg = Release|Any CPU
		{16A6D8B0-B004-426C-9C09-DC2E7D9DF2A6}.Release|Any CPU.Build.0 = Release|Any CPU
		{343AFCA5-8768-43D7-B038-3221A4CAA057}.Debug|Any CPU.ActiveCfg = Debug|Any CPU
		{343AFCA5-8768-43D7-B038-3221A4CAA057}.Debug|Any CPU.Build.0 = Debug|Any CPU
		{343AFCA5-8768-43D7-B038-3221A4CAA057}.Release|Any CPU.ActiveCfg = Release|Any CPU
		{343AFCA5-8768-43D7-B038-3221A4CAA057}.Release|Any CPU.Build.0 = Release|Any CPU
		{9C4BBB8C-46E4-4168-88A7-E687D58468B1}.Debug|Any CPU.ActiveCfg = Debug|Any CPU
		{9C4BBB8C-46E4-4168-88A7-E687D58468B1}.Debug|Any CPU.Build.0 = Debug|Any CPU
		{9C4BBB8C-46E4-4168-88A7-E687D58468B1}.Release|Any CPU.ActiveCfg = Release|Any CPU
		{9C4BBB8C-46E4-4168-88A7-E687D58468B1}.Release|Any CPU.Build.0 = Release|Any CPU
		{107C3301-9642-4CC6-BF7A-3ACD4FEBEFC3}.Debug|Any CPU.ActiveCfg = Debug|Any CPU
		{107C3301-9642-4CC6-BF7A-3ACD4FEBEFC3}.Debug|Any CPU.Build.0 = Debug|Any CPU
		{107C3301-9642-4CC6-BF7A-3ACD4FEBEFC3}.Release|Any CPU.ActiveCfg = Release|Any CPU
		{107C3301-9642-4CC6-BF7A-3ACD4FEBEFC3}.Release|Any CPU.Build.0 = Release|Any CPU
	EndGlobalSection
	GlobalSection(SolutionProperties) = preSolution
		HideSolutionNode = FALSE
	EndGlobalSection
	GlobalSection(NestedProjects) = preSolution
		{F3A4BAF3-F96D-4C5F-8BD1-AA46AFD19556} = {1E189DA3-80DF-4A10-BC21-E616DEB0E752}
		{D39A215A-C493-4A4E-A1F5-508228BBBF89} = {1E189DA3-80DF-4A10-BC21-E616DEB0E752}
		{E3FF6242-6102-4BA5-927B-BD43903BA195} = {BF7A5A92-FCD0-4CA4-9234-B96B543F2488}
		{624574AB-E6D3-4030-9A4F-E816723B6625} = {1E189DA3-80DF-4A10-BC21-E616DEB0E752}
		{16A6D8B0-B004-426C-9C09-DC2E7D9DF2A6} = {1E189DA3-80DF-4A10-BC21-E616DEB0E752}
		{343AFCA5-8768-43D7-B038-3221A4CAA057} = {36B7F578-1E35-489D-91A2-B3BE0F53187F}
		{CD7F41BC-D1C2-466C-9E6E-081E8C85DB0A} = {1E189DA3-80DF-4A10-BC21-E616DEB0E752}
		{9C4BBB8C-46E4-4168-88A7-E687D58468B1} = {CD7F41BC-D1C2-466C-9E6E-081E8C85DB0A}
		{107C3301-9642-4CC6-BF7A-3ACD4FEBEFC3} = {BF7A5A92-FCD0-4CA4-9234-B96B543F2488}
	EndGlobalSection
	GlobalSection(ExtensibilityGlobals) = postSolution
		SolutionGuid = {43910680-2459-4C25-9FC4-821E302DAE91}
	EndGlobalSection
EndGlobal
